
Microsoft Visual Studio Solution File, Format Version 12.00
Project("{FAE04EC0-301F-11D3-BF4B-00C04F79EFBC}") = "ConfigEditor", "ConfigEditor\ConfigEditor.csproj", "{C0EBCFFE-EDFD-4CFF-95CF-5F32958C6FD4}"
EndProject
Project("{FAE04EC0-301F-11D3-BF4B-00C04F79EFBC}") = "ConfigBuilder.UseCases", "ConfigBuilder.UseCases\ConfigBuilder.UseCases.csproj", "{B132C2B0-DFA9-403D-A700-5D40DBCAFCA4}"
EndProject
Project("{FAE04EC0-301F-11D3-BF4B-00C04F79EFBC}") = "ConfigBuilder.Entities", "ConfigBuilder.Entities\ConfigBuilder.Entities.csproj", "{CF61F743-6C30-4E19-AA60-B14C88B34DAF}"
EndProject
Project("{FAE04EC0-301F-11D3-BF4B-00C04F79EFBC}") = "ConfigBuilder.Infrastructure", "ConfigBuilder.Infrastructure\ConfigBuilder.Infrastructure.csproj", "{69529531-1284-4C07-A5EA-33F3E6AE5268}"
EndProject
Project("{FAE04EC0-301F-11D3-BF4B-00C04F79EFBC}") = "ConfigBuilder.Infrastructure.Test", "ConfigBuilder.Infrastructure.Test\ConfigBuilder.Infrastructure.Test.csproj", "{08A6F2C2-2EE1-453D-AE22-8DDA05A1F8E7}"
EndProject
Project("{FAE04EC0-301F-11D3-BF4B-00C04F79EFBC}") = "ConfigBuilder.UseCases.Test", "ConfigBuilder.UseCases.Test\ConfigBuilder.UseCases.Test.csproj", "{2BFD2414-69A4-4738-9FF6-46230A7FAB1E}"
EndProject
Project("{FAE04EC0-301F-11D3-BF4B-00C04F79EFBC}") = "ConfigBuilder.Utilities", "ConfigBuilder.Utilities\ConfigBuilder.Utilities.csproj", "{99FF2659-D6F5-4447-848D-C703F99DA42F}"
EndProject
Project("{FAE04EC0-301F-11D3-BF4B-00C04F79EFBC}") = "Mediator.Abstractions", "Mediator.Abstractions\Mediator.Abstractions.csproj", "{46116073-8D7C-45E8-B081-4B9D1C24BFA5}"
EndProject
Project("{2150E333-8FDC-42A3-9474-1A3956D46DE8}") = "CrossCutting", "CrossCutting", "{D36D7CC2-7A36-40D3-8577-BB337B037CD7}"
EndProject
Global
	GlobalSection(SolutionConfigurationPlatforms) = preSolution
		Debug|Any CPU = Debug|Any CPU
		Release|Any CPU = Release|Any CPU
	EndGlobalSection
	GlobalSection(ProjectConfigurationPlatforms) = postSolution
		{C0EBCFFE-EDFD-4CFF-95CF-5F32958C6FD4}.Debug|Any CPU.ActiveCfg = Debug|Any CPU
		{C0EBCFFE-EDFD-4CFF-95CF-5F32958C6FD4}.Debug|Any CPU.Build.0 = Debug|Any CPU
		{C0EBCFFE-EDFD-4CFF-95CF-5F32958C6FD4}.Release|Any CPU.ActiveCfg = Release|Any CPU
		{C0EBCFFE-EDFD-4CFF-95CF-5F32958C6FD4}.Release|Any CPU.Build.0 = Release|Any CPU
		{B132C2B0-DFA9-403D-A700-5D40DBCAFCA4}.Debug|Any CPU.ActiveCfg = Debug|Any CPU
		{B132C2B0-DFA9-403D-A700-5D40DBCAFCA4}.Debug|Any CPU.Build.0 = Debug|Any CPU
		{B132C2B0-DFA9-403D-A700-5D40DBCAFCA4}.Release|Any CPU.ActiveCfg = Release|Any CPU
		{B132C2B0-DFA9-403D-A700-5D40DBCAFCA4}.Release|Any CPU.Build.0 = Release|Any CPU
		{CF61F743-6C30-4E19-AA60-B14C88B34DAF}.Debug|Any CPU.ActiveCfg = Debug|Any CPU
		{CF61F743-6C30-4E19-AA60-B14C88B34DAF}.Debug|Any CPU.Build.0 = Debug|Any CPU
		{CF61F743-6C30-4E19-AA60-B14C88B34DAF}.Release|Any CPU.ActiveCfg = Release|Any CPU
		{CF61F743-6C30-4E19-AA60-B14C88B34DAF}.Release|Any CPU.Build.0 = Release|Any CPU
		{69529531-1284-4C07-A5EA-33F3E6AE5268}.Debug|Any CPU.ActiveCfg = Debug|Any CPU
		{69529531-1284-4C07-A5EA-33F3E6AE5268}.Debug|Any CPU.Build.0 = Debug|Any CPU
		{69529531-1284-4C07-A5EA-33F3E6AE5268}.Release|Any CPU.ActiveCfg = Release|Any CPU
		{69529531-1284-4C07-A5EA-33F3E6AE5268}.Release|Any CPU.Build.0 = Release|Any CPU
		{08A6F2C2-2EE1-453D-AE22-8DDA05A1F8E7}.Debug|Any CPU.ActiveCfg = Debug|Any CPU
		{08A6F2C2-2EE1-453D-AE22-8DDA05A1F8E7}.Debug|Any CPU.Build.0 = Debug|Any CPU
		{08A6F2C2-2EE1-453D-AE22-8DDA05A1F8E7}.Release|Any CPU.ActiveCfg = Release|Any CPU
		{08A6F2C2-2EE1-453D-AE22-8DDA05A1F8E7}.Release|Any CPU.Build.0 = Release|Any CPU
		{2BFD2414-69A4-4738-9FF6-46230A7FAB1E}.Debug|Any CPU.ActiveCfg = Debug|Any CPU
		{2BFD2414-69A4-4738-9FF6-46230A7FAB1E}.Debug|Any CPU.Build.0 = Debug|Any CPU
		{2BFD2414-69A4-4738-9FF6-46230A7FAB1E}.Release|Any CPU.ActiveCfg = Release|Any CPU
		{2BFD2414-69A4-4738-9FF6-46230A7FAB1E}.Release|Any CPU.Build.0 = Release|Any CPU
		{99FF2659-D6F5-4447-848D-C703F99DA42F}.Debug|Any CPU.ActiveCfg = Debug|Any CPU
		{99FF2659-D6F5-4447-848D-C703F99DA42F}.Debug|Any CPU.Build.0 = Debug|Any CPU
		{99FF2659-D6F5-4447-848D-C703F99DA42F}.Release|Any CPU.ActiveCfg = Release|Any CPU
		{99FF2659-D6F5-4447-848D-C703F99DA42F}.Release|Any CPU.Build.0 = Release|Any CPU
		{46116073-8D7C-45E8-B081-4B9D1C24BFA5}.Debug|Any CPU.ActiveCfg = Debug|Any CPU
		{46116073-8D7C-45E8-B081-4B9D1C24BFA5}.Debug|Any CPU.Build.0 = Debug|Any CPU
		{46116073-8D7C-45E8-B081-4B9D1C24BFA5}.Release|Any CPU.ActiveCfg = Release|Any CPU
		{46116073-8D7C-45E8-B081-4B9D1C24BFA5}.Release|Any CPU.Build.0 = Release|Any CPU
	EndGlobalSection
	GlobalSection(NestedProjects) = preSolution
		{99FF2659-D6F5-4447-848D-C703F99DA42F} = {D36D7CC2-7A36-40D3-8577-BB337B037CD7}
		{46116073-8D7C-45E8-B081-4B9D1C24BFA5} = {D36D7CC2-7A36-40D3-8577-BB337B037CD7}
	EndGlobalSection
EndGlobal
